
Microsoft Visual Studio Solution File, Format Version 12.00
# Visual Studio Version 16
VisualStudioVersion = 16.0.29209.152
MinimumVisualStudioVersion = 10.0.40219.1
Project("{FAE04EC0-301F-11D3-BF4B-00C04F79EFBC}") = "Ventas.Android", "Ventas\Ventas.Android\Ventas.Android.csproj", "{F0862477-6206-46B4-8A27-F251FFDBD218}"
EndProject
Project("{FAE04EC0-301F-11D3-BF4B-00C04F79EFBC}") = "Ventas.iOS", "Ventas\Ventas.iOS\Ventas.iOS.csproj", "{84646C20-0D8A-4F28-BBB1-CD42A0484D0B}"
EndProject
Project("{9A19103F-16F7-4668-BE54-9A1E7A4F7556}") = "Ventas", "Ventas\Ventas\Ventas.csproj", "{6BEF5902-0E7C-44E3-A6B9-2769B9E57683}"
EndProject
Project("{FAE04EC0-301F-11D3-BF4B-00C04F79EFBC}") = "Ventas.API", "Ventas.API\Ventas.API.csproj", "{348C554C-227D-4EDB-B7A4-0983CDD4797F}"
EndProject
Project("{FAE04EC0-301F-11D3-BF4B-00C04F79EFBC}") = "Ventas.Backend", "Ventas.Backend\Ventas.Backend.csproj", "{E049ACF3-ED52-4176-8A85-B7A688CADDE6}"
EndProject
Project("{FAE04EC0-301F-11D3-BF4B-00C04F79EFBC}") = "Ventas.Domain", "Ventas.Domain\Ventas.Domain.csproj", "{2DD34EA4-9371-4994-8010-78C709D7659B}"
EndProject
Project("{FAE04EC0-301F-11D3-BF4B-00C04F79EFBC}") = "Ventas.Common", "Ventas.Common\Ventas.Common.csproj", "{CB8D29B5-CF3A-42F2-886B-098E4A93C4EE}"
EndProject
Global
	GlobalSection(SolutionConfigurationPlatforms) = preSolution
		Debug|Any CPU = Debug|Any CPU
		Debug|ARM = Debug|ARM
		Debug|iPhone = Debug|iPhone
		Debug|iPhoneSimulator = Debug|iPhoneSimulator
		Debug|x64 = Debug|x64
		Debug|x86 = Debug|x86
		Release|Any CPU = Release|Any CPU
		Release|ARM = Release|ARM
		Release|iPhone = Release|iPhone
		Release|iPhoneSimulator = Release|iPhoneSimulator
		Release|x64 = Release|x64
		Release|x86 = Release|x86
	EndGlobalSection
	GlobalSection(ProjectConfigurationPlatforms) = postSolution
		{F0862477-6206-46B4-8A27-F251FFDBD218}.Debug|Any CPU.ActiveCfg = Debug|Any CPU
		{F0862477-6206-46B4-8A27-F251FFDBD218}.Debug|Any CPU.Build.0 = Debug|Any CPU
		{F0862477-6206-46B4-8A27-F251FFDBD218}.Debug|Any CPU.Deploy.0 = Debug|Any CPU
		{F0862477-6206-46B4-8A27-F251FFDBD218}.Debug|ARM.ActiveCfg = Debug|Any CPU
		{F0862477-6206-46B4-8A27-F251FFDBD218}.Debug|ARM.Build.0 = Debug|Any CPU
		{F0862477-6206-46B4-8A27-F251FFDBD218}.Debug|ARM.Deploy.0 = Debug|Any CPU
		{F0862477-6206-46B4-8A27-F251FFDBD218}.Debug|iPhone.ActiveCfg = Debug|Any CPU
		{F0862477-6206-46B4-8A27-F251FFDBD218}.Debug|iPhone.Build.0 = Debug|Any CPU
		{F0862477-6206-46B4-8A27-F251FFDBD218}.Debug|iPhone.Deploy.0 = Debug|Any CPU
		{F0862477-6206-46B4-8A27-F251FFDBD218}.Debug|iPhoneSimulator.ActiveCfg = Debug|Any CPU
		{F0862477-6206-46B4-8A27-F251FFDBD218}.Debug|iPhoneSimulator.Build.0 = Debug|Any CPU
		{F0862477-6206-46B4-8A27-F251FFDBD218}.Debug|iPhoneSimulator.Deploy.0 = Debug|Any CPU
		{F0862477-6206-46B4-8A27-F251FFDBD218}.Debug|x64.ActiveCfg = Debug|Any CPU
		{F0862477-6206-46B4-8A27-F251FFDBD218}.Debug|x64.Build.0 = Debug|Any CPU
		{F0862477-6206-46B4-8A27-F251FFDBD218}.Debug|x64.Deploy.0 = Debug|Any CPU
		{F0862477-6206-46B4-8A27-F251FFDBD218}.Debug|x86.ActiveCfg = Debug|Any CPU
		{F0862477-6206-46B4-8A27-F251FFDBD218}.Debug|x86.Build.0 = Debug|Any CPU
		{F0862477-6206-46B4-8A27-F251FFDBD218}.Debug|x86.Deploy.0 = Debug|Any CPU
		{F0862477-6206-46B4-8A27-F251FFDBD218}.Release|Any CPU.ActiveCfg = Release|Any CPU
		{F0862477-6206-46B4-8A27-F251FFDBD218}.Release|Any CPU.Build.0 = Release|Any CPU
		{F0862477-6206-46B4-8A27-F251FFDBD218}.Release|Any CPU.Deploy.0 = Release|Any CPU
		{F0862477-6206-46B4-8A27-F251FFDBD218}.Release|ARM.ActiveCfg = Release|Any CPU
		{F0862477-6206-46B4-8A27-F251FFDBD218}.Release|ARM.Build.0 = Release|Any CPU
		{F0862477-6206-46B4-8A27-F251FFDBD218}.Release|ARM.Deploy.0 = Release|Any CPU
		{F0862477-6206-46B4-8A27-F251FFDBD218}.Release|iPhone.ActiveCfg = Release|Any CPU
		{F0862477-6206-46B4-8A27-F251FFDBD218}.Release|iPhone.Build.0 = Release|Any CPU
		{F0862477-6206-46B4-8A27-F251FFDBD218}.Release|iPhone.Deploy.0 = Release|Any CPU
		{F0862477-6206-46B4-8A27-F251FFDBD218}.Release|iPhoneSimulator.ActiveCfg = Release|Any CPU
		{F0862477-6206-46B4-8A27-F251FFDBD218}.Release|iPhoneSimulator.Build.0 = Release|Any CPU
		{F0862477-6206-46B4-8A27-F251FFDBD218}.Release|iPhoneSimulator.Deploy.0 = Release|Any CPU
		{F0862477-6206-46B4-8A27-F251FFDBD218}.Release|x64.ActiveCfg = Release|Any CPU
		{F0862477-6206-46B4-8A27-F251FFDBD218}.Release|x64.Build.0 = Release|Any CPU
		{F0862477-6206-46B4-8A27-F251FFDBD218}.Release|x64.Deploy.0 = Release|Any CPU
		{F0862477-6206-46B4-8A27-F251FFDBD218}.Release|x86.ActiveCfg = Release|Any CPU
		{F0862477-6206-46B4-8A27-F251FFDBD218}.Release|x86.Build.0 = Release|Any CPU
		{F0862477-6206-46B4-8A27-F251FFDBD218}.Release|x86.Deploy.0 = Release|Any CPU
		{84646C20-0D8A-4F28-BBB1-CD42A0484D0B}.Debug|Any CPU.ActiveCfg = Debug|iPhone
		{84646C20-0D8A-4F28-BBB1-CD42A0484D0B}.Debug|Any CPU.Build.0 = Debug|iPhone
		{84646C20-0D8A-4F28-BBB1-CD42A0484D0B}.Debug|Any CPU.Deploy.0 = Debug|iPhone
		{84646C20-0D8A-4F28-BBB1-CD42A0484D0B}.Debug|ARM.ActiveCfg = Debug|iPhoneSimulator
		{84646C20-0D8A-4F28-BBB1-CD42A0484D0B}.Debug|ARM.Build.0 = Debug|iPhoneSimulator
		{84646C20-0D8A-4F28-BBB1-CD42A0484D0B}.Debug|ARM.Deploy.0 = Debug|iPhoneSimulator
		{84646C20-0D8A-4F28-BBB1-CD42A0484D0B}.Debug|iPhone.ActiveCfg = Debug|iPhone
		{84646C20-0D8A-4F28-BBB1-CD42A0484D0B}.Debug|iPhone.Build.0 = Debug|iPhone
		{84646C20-0D8A-4F28-BBB1-CD42A0484D0B}.Debug|iPhone.Deploy.0 = Debug|iPhone
		{84646C20-0D8A-4F28-BBB1-CD42A0484D0B}.Debug|iPhoneSimulator.ActiveCfg = Debug|iPhoneSimulator
		{84646C20-0D8A-4F28-BBB1-CD42A0484D0B}.Debug|iPhoneSimulator.Build.0 = Debug|iPhoneSimulator
		{84646C20-0D8A-4F28-BBB1-CD42A0484D0B}.Debug|iPhoneSimulator.Deploy.0 = Debug|iPhoneSimulator
		{84646C20-0D8A-4F28-BBB1-CD42A0484D0B}.Debug|x64.ActiveCfg = Debug|iPhone
		{84646C20-0D8A-4F28-BBB1-CD42A0484D0B}.Debug|x64.Build.0 = Debug|iPhone
		{84646C20-0D8A-4F28-BBB1-CD42A0484D0B}.Debug|x64.Deploy.0 = Debug|iPhone
		{84646C20-0D8A-4F28-BBB1-CD42A0484D0B}.Debug|x86.ActiveCfg = Debug|iPhone
		{84646C20-0D8A-4F28-BBB1-CD42A0484D0B}.Debug|x86.Build.0 = Debug|iPhone
		{84646C20-0D8A-4F28-BBB1-CD42A0484D0B}.Debug|x86.Deploy.0 = Debug|iPhone
		{84646C20-0D8A-4F28-BBB1-CD42A0484D0B}.Release|Any CPU.ActiveCfg = Release|iPhone
		{84646C20-0D8A-4F28-BBB1-CD42A0484D0B}.Release|Any CPU.Build.0 = Release|iPhone
		{84646C20-0D8A-4F28-BBB1-CD42A0484D0B}.Release|Any CPU.Deploy.0 = Release|iPhone
		{84646C20-0D8A-4F28-BBB1-CD42A0484D0B}.Release|ARM.ActiveCfg = Release|iPhone
		{84646C20-0D8A-4F28-BBB1-CD42A0484D0B}.Release|ARM.Build.0 = Release|iPhone
		{84646C20-0D8A-4F28-BBB1-CD42A0484D0B}.Release|ARM.Deploy.0 = Release|iPhone
		{84646C20-0D8A-4F28-BBB1-CD42A0484D0B}.Release|iPhone.ActiveCfg = Release|iPhone
		{84646C20-0D8A-4F28-BBB1-CD42A0484D0B}.Release|iPhone.Build.0 = Release|iPhone
		{84646C20-0D8A-4F28-BBB1-CD42A0484D0B}.Release|iPhone.Deploy.0 = Release|iPhone
		{84646C20-0D8A-4F28-BBB1-CD42A0484D0B}.Release|iPhoneSimulator.ActiveCfg = Release|iPhoneSimulator
		{84646C20-0D8A-4F28-BBB1-CD42A0484D0B}.Release|iPhoneSimulator.Build.0 = Release|iPhoneSimulator
		{84646C20-0D8A-4F28-BBB1-CD42A0484D0B}.Release|iPhoneSimulator.Deploy.0 = Release|iPhoneSimulator
		{84646C20-0D8A-4F28-BBB1-CD42A0484D0B}.Release|x64.ActiveCfg = Release|iPhone
		{84646C20-0D8A-4F28-BBB1-CD42A0484D0B}.Release|x64.Build.0 = Release|iPhone
		{84646C20-0D8A-4F28-BBB1-CD42A0484D0B}.Release|x64.Deploy.0 = Release|iPhone
		{84646C20-0D8A-4F28-BBB1-CD42A0484D0B}.Release|x86.ActiveCfg = Release|iPhone
		{84646C20-0D8A-4F28-BBB1-CD42A0484D0B}.Release|x86.Build.0 = Release|iPhone
		{84646C20-0D8A-4F28-BBB1-CD42A0484D0B}.Release|x86.Deploy.0 = Release|iPhone
		{6BEF5902-0E7C-44E3-A6B9-2769B9E57683}.Debug|Any CPU.ActiveCfg = Debug|Any CPU
		{6BEF5902-0E7C-44E3-A6B9-2769B9E57683}.Debug|Any CPU.Build.0 = Debug|Any CPU
		{6BEF5902-0E7C-44E3-A6B9-2769B9E57683}.Debug|Any CPU.Deploy.0 = Debug|Any CPU
		{6BEF5902-0E7C-44E3-A6B9-2769B9E57683}.Debug|ARM.ActiveCfg = Debug|Any CPU
		{6BEF5902-0E7C-44E3-A6B9-2769B9E57683}.Debug|ARM.Build.0 = Debug|Any CPU
		{6BEF5902-0E7C-44E3-A6B9-2769B9E57683}.Debug|ARM.Deploy.0 = Debug|Any CPU
		{6BEF5902-0E7C-44E3-A6B9-2769B9E57683}.Debug|iPhone.ActiveCfg = Debug|Any CPU
		{6BEF5902-0E7C-44E3-A6B9-2769B9E57683}.Debug|iPhone.Build.0 = Debug|Any CPU
		{6BEF5902-0E7C-44E3-A6B9-2769B9E57683}.Debug|iPhone.Deploy.0 = Debug|Any CPU
		{6BEF5902-0E7C-44E3-A6B9-2769B9E57683}.Debug|iPhoneSimulator.ActiveCfg = Debug|Any CPU
		{6BEF5902-0E7C-44E3-A6B9-2769B9E57683}.Debug|iPhoneSimulator.Build.0 = Debug|Any CPU
		{6BEF5902-0E7C-44E3-A6B9-2769B9E57683}.Debug|iPhoneSimulator.Deploy.0 = Debug|Any CPU
		{6BEF5902-0E7C-44E3-A6B9-2769B9E57683}.Debug|x64.ActiveCfg = Debug|Any CPU
		{6BEF5902-0E7C-44E3-A6B9-2769B9E57683}.Debug|x64.Build.0 = Debug|Any CPU
		{6BEF5902-0E7C-44E3-A6B9-2769B9E57683}.Debug|x64.Deploy.0 = Debug|Any CPU
		{6BEF5902-0E7C-44E3-A6B9-2769B9E57683}.Debug|x86.ActiveCfg = Debug|Any CPU
		{6BEF5902-0E7C-44E3-A6B9-2769B9E57683}.Debug|x86.Build.0 = Debug|Any CPU
		{6BEF5902-0E7C-44E3-A6B9-2769B9E57683}.Debug|x86.Deploy.0 = Debug|Any CPU
		{6BEF5902-0E7C-44E3-A6B9-2769B9E57683}.Release|Any CPU.ActiveCfg = Release|Any CPU
		{6BEF5902-0E7C-44E3-A6B9-2769B9E57683}.Release|Any CPU.Build.0 = Release|Any CPU
		{6BEF5902-0E7C-44E3-A6B9-2769B9E57683}.Release|Any CPU.Deploy.0 = Release|Any CPU
		{6BEF5902-0E7C-44E3-A6B9-2769B9E57683}.Release|ARM.ActiveCfg = Release|Any CPU
		{6BEF5902-0E7C-44E3-A6B9-2769B9E57683}.Release|ARM.Build.0 = Release|Any CPU
		{6BEF5902-0E7C-44E3-A6B9-2769B9E57683}.Release|ARM.Deploy.0 = Release|Any CPU
		{6BEF5902-0E7C-44E3-A6B9-2769B9E57683}.Release|iPhone.ActiveCfg = Release|Any CPU
		{6BEF5902-0E7C-44E3-A6B9-2769B9E57683}.Release|iPhone.Build.0 = Release|Any CPU
		{6BEF5902-0E7C-44E3-A6B9-2769B9E57683}.Release|iPhone.Deploy.0 = Release|Any CPU
		{6BEF5902-0E7C-44E3-A6B9-2769B9E57683}.Release|iPhoneSimulator.ActiveCfg = Release|Any CPU
		{6BEF5902-0E7C-44E3-A6B9-2769B9E57683}.Release|iPhoneSimulator.Build.0 = Release|Any CPU
		{6BEF5902-0E7C-44E3-A6B9-2769B9E57683}.Release|iPhoneSimulator.Deploy.0 = Release|Any CPU
		{6BEF5902-0E7C-44E3-A6B9-2769B9E57683}.Release|x64.ActiveCfg = Release|Any CPU
		{6BEF5902-0E7C-44E3-A6B9-2769B9E57683}.Release|x64.Build.0 = Release|Any CPU
		{6BEF5902-0E7C-44E3-A6B9-2769B9E57683}.Release|x64.Deploy.0 = Release|Any CPU
		{6BEF5902-0E7C-44E3-A6B9-2769B9E57683}.Release|x86.ActiveCfg = Release|Any CPU
		{6BEF5902-0E7C-44E3-A6B9-2769B9E57683}.Release|x86.Build.0 = Release|Any CPU
		{6BEF5902-0E7C-44E3-A6B9-2769B9E57683}.Release|x86.Deploy.0 = Release|Any CPU
		{348C554C-227D-4EDB-B7A4-0983CDD4797F}.Debug|Any CPU.ActiveCfg = Debug|Any CPU
		{348C554C-227D-4EDB-B7A4-0983CDD4797F}.Debug|Any CPU.Build.0 = Debug|Any CPU
		{348C554C-227D-4EDB-B7A4-0983CDD4797F}.Debug|ARM.ActiveCfg = Debug|Any CPU
		{348C554C-227D-4EDB-B7A4-0983CDD4797F}.Debug|ARM.Build.0 = Debug|Any CPU
		{348C554C-227D-4EDB-B7A4-0983CDD4797F}.Debug|iPhone.ActiveCfg = Debug|Any CPU
		{348C554C-227D-4EDB-B7A4-0983CDD4797F}.Debug|iPhone.Build.0 = Debug|Any CPU
		{348C554C-227D-4EDB-B7A4-0983CDD4797F}.Debug|iPhoneSimulator.ActiveCfg = Debug|Any CPU
		{348C554C-227D-4EDB-B7A4-0983CDD4797F}.Debug|iPhoneSimulator.Build.0 = Debug|Any CPU
		{348C554C-227D-4EDB-B7A4-0983CDD4797F}.Debug|x64.ActiveCfg = Debug|Any CPU
		{348C554C-227D-4EDB-B7A4-0983CDD4797F}.Debug|x64.Build.0 = Debug|Any CPU
		{348C554C-227D-4EDB-B7A4-0983CDD4797F}.Debug|x86.ActiveCfg = Debug|Any CPU
		{348C554C-227D-4EDB-B7A4-0983CDD4797F}.Debug|x86.Build.0 = Debug|Any CPU
		{348C554C-227D-4EDB-B7A4-0983CDD4797F}.Release|Any CPU.ActiveCfg = Release|Any CPU
		{348C554C-227D-4EDB-B7A4-0983CDD4797F}.Release|Any CPU.Build.0 = Release|Any CPU
		{348C554C-227D-4EDB-B7A4-0983CDD4797F}.Release|ARM.ActiveCfg = Release|Any CPU
		{348C554C-227D-4EDB-B7A4-0983CDD4797F}.Release|ARM.Build.0 = Release|Any CPU
		{348C554C-227D-4EDB-B7A4-0983CDD4797F}.Release|iPhone.ActiveCfg = Release|Any CPU
		{348C554C-227D-4EDB-B7A4-0983CDD4797F}.Release|iPhone.Build.0 = Release|Any CPU
		{348C554C-227D-4EDB-B7A4-0983CDD4797F}.Release|iPhoneSimulator.ActiveCfg = Release|Any CPU
		{348C554C-227D-4EDB-B7A4-0983CDD4797F}.Release|iPhoneSimulator.Build.0 = Release|Any CPU
		{348C554C-227D-4EDB-B7A4-0983CDD4797F}.Release|x64.ActiveCfg = Release|Any CPU
		{348C554C-227D-4EDB-B7A4-0983CDD4797F}.Release|x64.Build.0 = Release|Any CPU
		{348C554C-227D-4EDB-B7A4-0983CDD4797F}.Release|x86.ActiveCfg = Release|Any CPU
		{348C554C-227D-4EDB-B7A4-0983CDD4797F}.Release|x86.Build.0 = Release|Any CPU
		{E049ACF3-ED52-4176-8A85-B7A688CADDE6}.Debug|Any CPU.ActiveCfg = Debug|Any CPU
		{E049ACF3-ED52-4176-8A85-B7A688CADDE6}.Debug|Any CPU.Build.0 = Debug|Any CPU
		{E049ACF3-ED52-4176-8A85-B7A688CADDE6}.Debug|ARM.ActiveCfg = Debug|Any CPU
		{E049ACF3-ED52-4176-8A85-B7A688CADDE6}.Debug|ARM.Build.0 = Debug|Any CPU
		{E049ACF3-ED52-4176-8A85-B7A688CADDE6}.Debug|iPhone.ActiveCfg = Debug|Any CPU
		{E049ACF3-ED52-4176-8A85-B7A688CADDE6}.Debug|iPhone.Build.0 = Debug|Any CPU
		{E049ACF3-ED52-4176-8A85-B7A688CADDE6}.Debug|iPhoneSimulator.ActiveCfg = Debug|Any CPU
		{E049ACF3-ED52-4176-8A85-B7A688CADDE6}.Debug|iPhoneSimulator.Build.0 = Debug|Any CPU
		{E049ACF3-ED52-4176-8A85-B7A688CADDE6}.Debug|x64.ActiveCfg = Debug|Any CPU
		{E049ACF3-ED52-4176-8A85-B7A688CADDE6}.Debug|x64.Build.0 = Debug|Any CPU
		{E049ACF3-ED52-4176-8A85-B7A688CADDE6}.Debug|x86.ActiveCfg = Debug|Any CPU
		{E049ACF3-ED52-4176-8A85-B7A688CADDE6}.Debug|x86.Build.0 = Debug|Any CPU
		{E049ACF3-ED52-4176-8A85-B7A688CADDE6}.Release|Any CPU.ActiveCfg = Release|Any CPU
		{E049ACF3-ED52-4176-8A85-B7A688CADDE6}.Release|Any CPU.Build.0 = Release|Any CPU
		{E049ACF3-ED52-4176-8A85-B7A688CADDE6}.Release|ARM.ActiveCfg = Release|Any CPU
		{E049ACF3-ED52-4176-8A85-B7A688CADDE6}.Release|ARM.Build.0 = Release|Any CPU
		{E049ACF3-ED52-4176-8A85-B7A688CADDE6}.Release|iPhone.ActiveCfg = Release|Any CPU
		{E049ACF3-ED52-4176-8A85-B7A688CADDE6}.Release|iPhone.Build.0 = Release|Any CPU
		{E049ACF3-ED52-4176-8A85-B7A688CADDE6}.Release|iPhoneSimulator.ActiveCfg = Release|Any CPU
		{E049ACF3-ED52-4176-8A85-B7A688CADDE6}.Release|iPhoneSimulator.Build.0 = Release|Any CPU
		{E049ACF3-ED52-4176-8A85-B7A688CADDE6}.Release|x64.ActiveCfg = Release|Any CPU
		{E049ACF3-ED52-4176-8A85-B7A688CADDE6}.Release|x64.Build.0 = Release|Any CPU
		{E049ACF3-ED52-4176-8A85-B7A688CADDE6}.Release|x86.ActiveCfg = Release|Any CPU
		{E049ACF3-ED52-4176-8A85-B7A688CADDE6}.Release|x86.Build.0 = Release|Any CPU
		{2DD34EA4-9371-4994-8010-78C709D7659B}.Debug|Any CPU.ActiveCfg = Debug|Any CPU
		{2DD34EA4-9371-4994-8010-78C709D7659B}.Debug|Any CPU.Build.0 = Debug|Any CPU
		{2DD34EA4-9371-4994-8010-78C709D7659B}.Debug|ARM.ActiveCfg = Debug|Any CPU
		{2DD34EA4-9371-4994-8010-78C709D7659B}.Debug|ARM.Build.0 = Debug|Any CPU
		{2DD34EA4-9371-4994-8010-78C709D7659B}.Debug|iPhone.ActiveCfg = Debug|Any CPU
		{2DD34EA4-9371-4994-8010-78C709D7659B}.Debug|iPhone.Build.0 = Debug|Any CPU
		{2DD34EA4-9371-4994-8010-78C709D7659B}.Debug|iPhoneSimulator.ActiveCfg = Debug|Any CPU
		{2DD34EA4-9371-4994-8010-78C709D7659B}.Debug|iPhoneSimulator.Build.0 = Debug|Any CPU
		{2DD34EA4-9371-4994-8010-78C709D7659B}.Debug|x64.ActiveCfg = Debug|Any CPU
		{2DD34EA4-9371-4994-8010-78C709D7659B}.Debug|x64.Build.0 = Debug|Any CPU
		{2DD34EA4-9371-4994-8010-78C709D7659B}.Debug|x86.ActiveCfg = Debug|Any CPU
		{2DD34EA4-9371-4994-8010-78C709D7659B}.Debug|x86.Build.0 = Debug|Any CPU
		{2DD34EA4-9371-4994-8010-78C709D7659B}.Release|Any CPU.ActiveCfg = Release|Any CPU
		{2DD34EA4-9371-4994-8010-78C709D7659B}.Release|Any CPU.Build.0 = Release|Any CPU
		{2DD34EA4-9371-4994-8010-78C709D7659B}.Release|ARM.ActiveCfg = Release|Any CPU
		{2DD34EA4-9371-4994-8010-78C709D7659B}.Release|ARM.Build.0 = Release|Any CPU
		{2DD34EA4-9371-4994-8010-78C709D7659B}.Release|iPhone.ActiveCfg = Release|Any CPU
		{2DD34EA4-9371-4994-8010-78C709D7659B}.Release|iPhone.Build.0 = Release|Any CPU
		{2DD34EA4-9371-4994-8010-78C709D7659B}.Release|iPhoneSimulator.ActiveCfg = Release|Any CPU
		{2DD34EA4-9371-4994-8010-78C709D7659B}.Release|iPhoneSimulator.Build.0 = Release|Any CPU
		{2DD34EA4-9371-4994-8010-78C709D7659B}.Release|x64.ActiveCfg = Release|Any CPU
		{2DD34EA4-9371-4994-8010-78C709D7659B}.Release|x64.Build.0 = Release|Any CPU
		{2DD34EA4-9371-4994-8010-78C709D7659B}.Release|x86.ActiveCfg = Release|Any CPU
		{2DD34EA4-9371-4994-8010-78C709D7659B}.Release|x86.Build.0 = Release|Any CPU
		{CB8D29B5-CF3A-42F2-886B-098E4A93C4EE}.Debug|Any CPU.ActiveCfg = Debug|Any CPU
		{CB8D29B5-CF3A-42F2-886B-098E4A93C4EE}.Debug|Any CPU.Build.0 = Debug|Any CPU
		{CB8D29B5-CF3A-42F2-886B-098E4A93C4EE}.Debug|ARM.ActiveCfg = Debug|Any CPU
		{CB8D29B5-CF3A-42F2-886B-098E4A93C4EE}.Debug|ARM.Build.0 = Debug|Any CPU
		{CB8D29B5-CF3A-42F2-886B-098E4A93C4EE}.Debug|iPhone.ActiveCfg = Debug|Any CPU
		{CB8D29B5-CF3A-42F2-886B-098E4A93C4EE}.Debug|iPhone.Build.0 = Debug|Any CPU
		{CB8D29B5-CF3A-42F2-886B-098E4A93C4EE}.Debug|iPhoneSimulator.ActiveCfg = Debug|Any CPU
		{CB8D29B5-CF3A-42F2-886B-098E4A93C4EE}.Debug|iPhoneSimulator.Build.0 = Debug|Any CPU
		{CB8D29B5-CF3A-42F2-886B-098E4A93C4EE}.Debug|x64.ActiveCfg = Debug|Any CPU
		{CB8D29B5-CF3A-42F2-886B-098E4A93C4EE}.Debug|x64.Build.0 = Debug|Any CPU
		{CB8D29B5-CF3A-42F2-886B-098E4A93C4EE}.Debug|x86.ActiveCfg = Debug|Any CPU
		{CB8D29B5-CF3A-42F2-886B-098E4A93C4EE}.Debug|x86.Build.0 = Debug|Any CPU
		{CB8D29B5-CF3A-42F2-886B-098E4A93C4EE}.Release|Any CPU.ActiveCfg = Release|Any CPU
		{CB8D29B5-CF3A-42F2-886B-098E4A93C4EE}.Release|Any CPU.Build.0 = Release|Any CPU
		{CB8D29B5-CF3A-42F2-886B-098E4A93C4EE}.Release|ARM.ActiveCfg = Release|Any CPU
		{CB8D29B5-CF3A-42F2-886B-098E4A93C4EE}.Release|ARM.Build.0 = Release|Any CPU
		{CB8D29B5-CF3A-42F2-886B-098E4A93C4EE}.Release|iPhone.ActiveCfg = Release|Any CPU
		{CB8D29B5-CF3A-42F2-886B-098E4A93C4EE}.Release|iPhone.Build.0 = Release|Any CPU
		{CB8D29B5-CF3A-42F2-886B-098E4A93C4EE}.Release|iPhoneSimulator.ActiveCfg = Release|Any CPU
		{CB8D29B5-CF3A-42F2-886B-098E4A93C4EE}.Release|iPhoneSimulator.Build.0 = Release|Any CPU
		{CB8D29B5-CF3A-42F2-886B-098E4A93C4EE}.Release|x64.ActiveCfg = Release|Any CPU
		{CB8D29B5-CF3A-42F2-886B-098E4A93C4EE}.Release|x64.Build.0 = Release|Any CPU
		{CB8D29B5-CF3A-42F2-886B-098E4A93C4EE}.Release|x86.ActiveCfg = Release|Any CPU
		{CB8D29B5-CF3A-42F2-886B-098E4A93C4EE}.Release|x86.Build.0 = Release|Any CPU
	EndGlobalSection
	GlobalSection(SolutionProperties) = preSolution
		HideSolutionNode = FALSE
	EndGlobalSection
	GlobalSection(ExtensibilityGlobals) = postSolution
		SolutionGuid = {3614A7AE-102C-4E9C-8963-384BD9C25142}
	EndGlobalSection
EndGlobal
